
Microsoft Visual Studio Solution File, Format Version 12.00
# Visual Studio Version 17
VisualStudioVersion = 17.14.36511.14 d17.14
MinimumVisualStudioVersion = 10.0.40219.1
Project("{FAE04EC0-301F-11D3-BF4B-00C04F79EFBC}") = "Konspekt", "Konspekt.csproj", "{A7EF2B7A-BD78-4E99-846A-CC3824EFA466}"
EndProject
Global
	GlobalSection(SolutionConfigurationPlatforms) = preSolution
		Debug|Any CPU = Debug|Any CPU
		Release|Any CPU = Release|Any CPU
	EndGlobalSection
	GlobalSection(ProjectConfigurationPlatforms) = postSolution
		{A7EF2B7A-BD78-4E99-846A-CC3824EFA466}.Debug|Any CPU.ActiveCfg = Debug|Any CPU
		{A7EF2B7A-BD78-4E99-846A-CC3824EFA466}.Debug|Any CPU.Build.0 = Debug|Any CPU
		{A7EF2B7A-BD78-4E99-846A-CC3824EFA466}.Release|Any CPU.ActiveCfg = Release|Any CPU
		{A7EF2B7A-BD78-4E99-846A-CC3824EFA466}.Release|Any CPU.Build.0 = Release|Any CPU
	EndGlobalSection
	GlobalSection(SolutionProperties) = preSolution
		HideSolutionNode = FALSE
	EndGlobalSection
	GlobalSection(ExtensibilityGlobals) = postSolution
		SolutionGuid = {5FFEB90D-5F9B-4C8D-80CD-CB5825153BB2}
	EndGlobalSection
EndGlobal
