
Microsoft Visual Studio Solution File, Format Version 12.00
# Visual Studio Version 17
VisualStudioVersion = 17.13.35913.81 d17.13
MinimumVisualStudioVersion = 10.0.40219.1
Project("{FAE04EC0-301F-11D3-BF4B-00C04F79EFBC}") = "SõneÜlesanded", "SõneÜlesanded.csproj", "{D4D8A7E5-25C5-4304-813E-2DD3F0B52CE9}"
EndProject
Global
	GlobalSection(SolutionConfigurationPlatforms) = preSolution
		Debug|Any CPU = Debug|Any CPU
		Release|Any CPU = Release|Any CPU
	EndGlobalSection
	GlobalSection(ProjectConfigurationPlatforms) = postSolution
		{D4D8A7E5-25C5-4304-813E-2DD3F0B52CE9}.Debug|Any CPU.ActiveCfg = Debug|Any CPU
		{D4D8A7E5-25C5-4304-813E-2DD3F0B52CE9}.Debug|Any CPU.Build.0 = Debug|Any CPU
		{D4D8A7E5-25C5-4304-813E-2DD3F0B52CE9}.Release|Any CPU.ActiveCfg = Release|Any CPU
		{D4D8A7E5-25C5-4304-813E-2DD3F0B52CE9}.Release|Any CPU.Build.0 = Release|Any CPU
	EndGlobalSection
	GlobalSection(SolutionProperties) = preSolution
		HideSolutionNode = FALSE
	EndGlobalSection
	GlobalSection(ExtensibilityGlobals) = postSolution
		SolutionGuid = {4CBB59C6-167D-4C86-BA35-7DA2E90145A9}
	EndGlobalSection
EndGlobal
